
Microsoft Visual Studio Solution File, Format Version 12.00
# Visual Studio Version 17
VisualStudioVersion = 17.4.33122.133
MinimumVisualStudioVersion = 10.0.40219.1
Project("{FAE04EC0-301F-11D3-BF4B-00C04F79EFBC}") = "Laba_Graphic", "Laba_Graphic\Laba_Graphic.csproj", "{69C60BBA-6619-4AFB-9B69-391A6A4258CE}"
EndProject
Global
	GlobalSection(SolutionConfigurationPlatforms) = preSolution
		Debug|Any CPU = Debug|Any CPU
		Release|Any CPU = Release|Any CPU
	EndGlobalSection
	GlobalSection(ProjectConfigurationPlatforms) = postSolution
		{69C60BBA-6619-4AFB-9B69-391A6A4258CE}.Debug|Any CPU.ActiveCfg = Debug|Any CPU
		{69C60BBA-6619-4AFB-9B69-391A6A4258CE}.Debug|Any CPU.Build.0 = Debug|Any CPU
		{69C60BBA-6619-4AFB-9B69-391A6A4258CE}.Release|Any CPU.ActiveCfg = Release|Any CPU
		{69C60BBA-6619-4AFB-9B69-391A6A4258CE}.Release|Any CPU.Build.0 = Release|Any CPU
	EndGlobalSection
	GlobalSection(SolutionProperties) = preSolution
		HideSolutionNode = FALSE
	EndGlobalSection
	GlobalSection(ExtensibilityGlobals) = postSolution
		SolutionGuid = {C5302FE0-5AF1-4B76-B3F3-422CD4B34FFC}
	EndGlobalSection
EndGlobal
